
Microsoft Visual Studio Solution File, Format Version 12.00
# Visual Studio 15
VisualStudioVersion = 15.0.28307.902
MinimumVisualStudioVersion = 10.0.40219.1
Project("{8BC9CEB8-8B4A-11D0-8D11-00A0C91BC942}") = "zhuixiao", "zhuixiao\zhuixiao.vcxproj", "{E12EE5A1-D551-451D-96BC-4A39D15A60FE}"
EndProject
Global
	GlobalSection(SolutionConfigurationPlatforms) = preSolution
		Debug|x64 = Debug|x64
		Release|x64 = Release|x64
	EndGlobalSection
	GlobalSection(ProjectConfigurationPlatforms) = postSolution
		{E12EE5A1-D551-451D-96BC-4A39D15A60FE}.Debug|x64.ActiveCfg = Debug|x64
		{E12EE5A1-D551-451D-96BC-4A39D15A60FE}.Debug|x64.Build.0 = Debug|x64
		{E12EE5A1-D551-451D-96BC-4A39D15A60FE}.Release|x64.ActiveCfg = Release|x64
		{E12EE5A1-D551-451D-96BC-4A39D15A60FE}.Release|x64.Build.0 = Release|x64
	EndGlobalSection
	GlobalSection(SolutionProperties) = preSolution
		HideSolutionNode = FALSE
	EndGlobalSection
	GlobalSection(ExtensibilityGlobals) = postSolution
		SolutionGuid = {8A8D6E98-C186-4722-B1D5-66ACA0A6EF20}
	EndGlobalSection
EndGlobal
